
Microsoft Visual Studio Solution File, Format Version 12.00
# Visual Studio Version 16
VisualStudioVersion = 16.0.30621.155
MinimumVisualStudioVersion = 10.0.40219.1
Project("{FAE04EC0-301F-11D3-BF4B-00C04F79EFBC}") = "SigilPuzzlesSolver", "SigilPuzzlesSolver\SigilPuzzlesSolver.csproj", "{14F1B947-760B-451C-8EDD-CD48B6E430D0}"
EndProject
Global
	GlobalSection(SolutionConfigurationPlatforms) = preSolution
		Debug|Any CPU = Debug|Any CPU
		Release|Any CPU = Release|Any CPU
	EndGlobalSection
	GlobalSection(ProjectConfigurationPlatforms) = postSolution
		{14F1B947-760B-451C-8EDD-CD48B6E430D0}.Debug|Any CPU.ActiveCfg = Debug|Any CPU
		{14F1B947-760B-451C-8EDD-CD48B6E430D0}.Debug|Any CPU.Build.0 = Debug|Any CPU
		{14F1B947-760B-451C-8EDD-CD48B6E430D0}.Release|Any CPU.ActiveCfg = Release|Any CPU
		{14F1B947-760B-451C-8EDD-CD48B6E430D0}.Release|Any CPU.Build.0 = Release|Any CPU
	EndGlobalSection
	GlobalSection(SolutionProperties) = preSolution
		HideSolutionNode = FALSE
	EndGlobalSection
	GlobalSection(ExtensibilityGlobals) = postSolution
		SolutionGuid = {9E820104-A3FE-40FB-81DE-97C7441D1475}
	EndGlobalSection
EndGlobal
